// !$*UTF8*$!
{
	archiveVersion = 1;
	classes = {
	};
	objectVersion = 56;
	objects = {

/* Begin PBXBuildFile section */
		A30A0E0A5213EB341F8DEADA /* Pods_GoSwirlLiveStream.framework in Frameworks */ = {isa = PBXBuildFile; fileRef = BA30329F650F4271B6DB3606 /* Pods_GoSwirlLiveStream.framework */; };
		C807C3F92AAAE84700412A76 /* APIService.swift in Sources */ = {isa = PBXBuildFile; fileRef = C807C3F82AAAE84700412A76 /* APIService.swift */; };
		C80F5B7D2AB5D3A000907492 /* LICENSE in Resources */ = {isa = PBXBuildFile; fileRef = C80F5B762AB5D3A000907492 /* LICENSE */; };
		C80F5B7E2AB5D3A000907492 /* Helpers.swift in Sources */ = {isa = PBXBuildFile; fileRef = C80F5B792AB5D3A000907492 /* Helpers.swift */; };
		C80F5B7F2AB5D3A000907492 /* HeartView.swift in Sources */ = {isa = PBXBuildFile; fileRef = C80F5B7A2AB5D3A000907492 /* HeartView.swift */; };
		C80F5B802AB5D3A000907492 /* Assets.xcassets in Resources */ = {isa = PBXBuildFile; fileRef = C80F5B7B2AB5D3A000907492 /* Assets.xcassets */; };
		C80F5B812AB5D3A000907492 /* README.md in Resources */ = {isa = PBXBuildFile; fileRef = C80F5B7C2AB5D3A000907492 /* README.md */; };
		C86343242AA1C8DF0052E469 /* GoSwirlLiveStream.h in Headers */ = {isa = PBXBuildFile; fileRef = C86343232AA1C8DF0052E469 /* GoSwirlLiveStream.h */; settings = {ATTRIBUTES = (Public, ); }; };
		C870657D2AA5ADCF0052E3A4 /* GoSwirlStoryboard.storyboard in Resources */ = {isa = PBXBuildFile; fileRef = C870657C2AA5ADCF0052E3A4 /* GoSwirlStoryboard.storyboard */; };
		C87065842AA5B27C0052E3A4 /* GSHomeViewController.swift in Sources */ = {isa = PBXBuildFile; fileRef = C87065832AA5B27C0052E3A4 /* GSHomeViewController.swift */; };
		C87065862AA5B8200052E3A4 /* GSRecordedViewController.swift in Sources */ = {isa = PBXBuildFile; fileRef = C87065852AA5B8200052E3A4 /* GSRecordedViewController.swift */; };
		C87065882AA5B8500052E3A4 /* GSAssets.xcassets in Resources */ = {isa = PBXBuildFile; fileRef = C87065872AA5B8500052E3A4 /* GSAssets.xcassets */; };
		C87065902AA5E9C40052E3A4 /* SceneDelegate.swift in Sources */ = {isa = PBXBuildFile; fileRef = C870658F2AA5E9C40052E3A4 /* SceneDelegate.swift */; };
		C87065982AA5FA0F0052E3A4 /* DesignableTextField.swift in Sources */ = {isa = PBXBuildFile; fileRef = C87065912AA5FA0F0052E3A4 /* DesignableTextField.swift */; };
		C87065992AA5FA0F0052E3A4 /* DesignableLabel.swift in Sources */ = {isa = PBXBuildFile; fileRef = C87065922AA5FA0F0052E3A4 /* DesignableLabel.swift */; };
		C870659A2AA5FA0F0052E3A4 /* DesignableImageView.swift in Sources */ = {isa = PBXBuildFile; fileRef = C87065932AA5FA0F0052E3A4 /* DesignableImageView.swift */; };
		C870659B2AA5FA0F0052E3A4 /* DesignableView.swift in Sources */ = {isa = PBXBuildFile; fileRef = C87065942AA5FA0F0052E3A4 /* DesignableView.swift */; };
		C870659C2AA5FA0F0052E3A4 /* DesignableButton.swift in Sources */ = {isa = PBXBuildFile; fileRef = C87065952AA5FA0F0052E3A4 /* DesignableButton.swift */; };
		C870659D2AA5FA0F0052E3A4 /* PlayPauseButton.swift in Sources */ = {isa = PBXBuildFile; fileRef = C87065962AA5FA0F0052E3A4 /* PlayPauseButton.swift */; };
		C870659E2AA5FA0F0052E3A4 /* DesignableTextView.swift in Sources */ = {isa = PBXBuildFile; fileRef = C87065972AA5FA0F0052E3A4 /* DesignableTextView.swift */; };
		C87065A32AA5FC270052E3A4 /* PreviousStreamCollectionViewCell.swift in Sources */ = {isa = PBXBuildFile; fileRef = C870659F2AA5FC270052E3A4 /* PreviousStreamCollectionViewCell.swift */; };
		C87065A42AA5FC270052E3A4 /* CommentCell.swift in Sources */ = {isa = PBXBuildFile; fileRef = C87065A02AA5FC270052E3A4 /* CommentCell.swift */; };
		C87065A52AA5FC270052E3A4 /* AttachProductTableViewCell.swift in Sources */ = {isa = PBXBuildFile; fileRef = C87065A12AA5FC270052E3A4 /* AttachProductTableViewCell.swift */; };
		C87065A62AA5FC270052E3A4 /* LiveStreamCollectionViewCell.swift in Sources */ = {isa = PBXBuildFile; fileRef = C87065A22AA5FC270052E3A4 /* LiveStreamCollectionViewCell.swift */; };
		C87065A82AA5FCBB0052E3A4 /* Utils.swift in Sources */ = {isa = PBXBuildFile; fileRef = C87065A72AA5FCBB0052E3A4 /* Utils.swift */; };
		C87065AA2AA5FD2A0052E3A4 /* MIBadgeButton.swift in Sources */ = {isa = PBXBuildFile; fileRef = C87065A92AA5FD2A0052E3A4 /* MIBadgeButton.swift */; };
		C8C098972AA75D8700D43217 /* Comment.swift in Sources */ = {isa = PBXBuildFile; fileRef = C8C098962AA75D8700D43217 /* Comment.swift */; };
		C8C0989A2AA75FC700D43217 /* StreamProduct.swift in Sources */ = {isa = PBXBuildFile; fileRef = C8C098982AA75FC700D43217 /* StreamProduct.swift */; };
		C8C0989B2AA75FC700D43217 /* LiveStreams.swift in Sources */ = {isa = PBXBuildFile; fileRef = C8C098992AA75FC700D43217 /* LiveStreams.swift */; };
		C8CA9E552AA881BE00D77B92 /* Products.swift in Sources */ = {isa = PBXBuildFile; fileRef = C8CA9E542AA881BE00D77B92 /* Products.swift */; };
		C8CA9E5E2AA882A600D77B92 /* UIView.swift in Sources */ = {isa = PBXBuildFile; fileRef = C8CA9E572AA882A600D77B92 /* UIView.swift */; };
		C8CA9E5F2AA882A600D77B92 /* UIColor.swift in Sources */ = {isa = PBXBuildFile; fileRef = C8CA9E582AA882A600D77B92 /* UIColor.swift */; };
		C8CA9E602AA882A600D77B92 /* UITableView.swift in Sources */ = {isa = PBXBuildFile; fileRef = C8CA9E592AA882A600D77B92 /* UITableView.swift */; };
		C8CA9E612AA882A600D77B92 /* UIDevice.swift in Sources */ = {isa = PBXBuildFile; fileRef = C8CA9E5A2AA882A600D77B92 /* UIDevice.swift */; };
		C8CA9E622AA882A600D77B92 /* UILabel.swift in Sources */ = {isa = PBXBuildFile; fileRef = C8CA9E5B2AA882A600D77B92 /* UILabel.swift */; };
		C8CA9E632AA882A600D77B92 /* UIApplication.swift in Sources */ = {isa = PBXBuildFile; fileRef = C8CA9E5C2AA882A600D77B92 /* UIApplication.swift */; };
		C8CA9E642AA882A600D77B92 /* StringFile.swift in Sources */ = {isa = PBXBuildFile; fileRef = C8CA9E5D2AA882A600D77B92 /* StringFile.swift */; };
		C8CA9E662AA8836A00D77B92 /* GSConstants.swift in Sources */ = {isa = PBXBuildFile; fileRef = C8CA9E652AA8836A00D77B92 /* GSConstants.swift */; };
/* End PBXBuildFile section */

/* Begin PBXFileReference section */
		0A68342493CDE40E4F0D9D7A /* Pods-GoSwirlLiveStream.release.xcconfig */ = {isa = PBXFileReference; includeInIndex = 1; lastKnownFileType = text.xcconfig; name = "Pods-GoSwirlLiveStream.release.xcconfig"; path = "Target Support Files/Pods-GoSwirlLiveStream/Pods-GoSwirlLiveStream.release.xcconfig"; sourceTree = "<group>"; };
		677159B932E00B2BB636A47C /* Pods-GoSwirlLiveStream.debug.xcconfig */ = {isa = PBXFileReference; includeInIndex = 1; lastKnownFileType = text.xcconfig; name = "Pods-GoSwirlLiveStream.debug.xcconfig"; path = "Target Support Files/Pods-GoSwirlLiveStream/Pods-GoSwirlLiveStream.debug.xcconfig"; sourceTree = "<group>"; };
		BA30329F650F4271B6DB3606 /* Pods_GoSwirlLiveStream.framework */ = {isa = PBXFileReference; explicitFileType = wrapper.framework; includeInIndex = 0; path = Pods_GoSwirlLiveStream.framework; sourceTree = BUILT_PRODUCTS_DIR; };
		C807C3F82AAAE84700412A76 /* APIService.swift */ = {isa = PBXFileReference; fileEncoding = 4; lastKnownFileType = sourcecode.swift; path = APIService.swift; sourceTree = "<group>"; };
		C80F5B762AB5D3A000907492 /* LICENSE */ = {isa = PBXFileReference; fileEncoding = 4; lastKnownFileType = text; path = LICENSE; sourceTree = "<group>"; };
		C80F5B792AB5D3A000907492 /* Helpers.swift */ = {isa = PBXFileReference; fileEncoding = 4; lastKnownFileType = sourcecode.swift; path = Helpers.swift; sourceTree = "<group>"; };
		C80F5B7A2AB5D3A000907492 /* HeartView.swift */ = {isa = PBXFileReference; fileEncoding = 4; lastKnownFileType = sourcecode.swift; path = HeartView.swift; sourceTree = "<group>"; };
		C80F5B7B2AB5D3A000907492 /* Assets.xcassets */ = {isa = PBXFileReference; lastKnownFileType = folder.assetcatalog; path = Assets.xcassets; sourceTree = "<group>"; };
		C80F5B7C2AB5D3A000907492 /* README.md */ = {isa = PBXFileReference; fileEncoding = 4; lastKnownFileType = net.daringfireball.markdown; path = README.md; sourceTree = "<group>"; };
		C86343202AA1C8DF0052E469 /* GoSwirlLiveStream.framework */ = {isa = PBXFileReference; explicitFileType = wrapper.framework; includeInIndex = 0; path = GoSwirlLiveStream.framework; sourceTree = BUILT_PRODUCTS_DIR; };
		C86343232AA1C8DF0052E469 /* GoSwirlLiveStream.h */ = {isa = PBXFileReference; lastKnownFileType = sourcecode.c.h; path = GoSwirlLiveStream.h; sourceTree = "<group>"; };
		C870657C2AA5ADCF0052E3A4 /* GoSwirlStoryboard.storyboard */ = {isa = PBXFileReference; lastKnownFileType = file.storyboard; path = GoSwirlStoryboard.storyboard; sourceTree = "<group>"; };
		C87065832AA5B27C0052E3A4 /* GSHomeViewController.swift */ = {isa = PBXFileReference; lastKnownFileType = sourcecode.swift; path = GSHomeViewController.swift; sourceTree = "<group>"; };
		C87065852AA5B8200052E3A4 /* GSRecordedViewController.swift */ = {isa = PBXFileReference; lastKnownFileType = sourcecode.swift; path = GSRecordedViewController.swift; sourceTree = "<group>"; };
		C87065872AA5B8500052E3A4 /* GSAssets.xcassets */ = {isa = PBXFileReference; lastKnownFileType = folder.assetcatalog; path = GSAssets.xcassets; sourceTree = "<group>"; };
		C870658F2AA5E9C40052E3A4 /* SceneDelegate.swift */ = {isa = PBXFileReference; fileEncoding = 4; lastKnownFileType = sourcecode.swift; name = SceneDelegate.swift; path = ../../SwirlFramework/SwirlFramework/SceneDelegate.swift; sourceTree = "<group>"; };
		C87065912AA5FA0F0052E3A4 /* DesignableTextField.swift */ = {isa = PBXFileReference; fileEncoding = 4; lastKnownFileType = sourcecode.swift; path = DesignableTextField.swift; sourceTree = "<group>"; };
		C87065922AA5FA0F0052E3A4 /* DesignableLabel.swift */ = {isa = PBXFileReference; fileEncoding = 4; lastKnownFileType = sourcecode.swift; path = DesignableLabel.swift; sourceTree = "<group>"; };
		C87065932AA5FA0F0052E3A4 /* DesignableImageView.swift */ = {isa = PBXFileReference; fileEncoding = 4; lastKnownFileType = sourcecode.swift; path = DesignableImageView.swift; sourceTree = "<group>"; };
		C87065942AA5FA0F0052E3A4 /* DesignableView.swift */ = {isa = PBXFileReference; fileEncoding = 4; lastKnownFileType = sourcecode.swift; path = DesignableView.swift; sourceTree = "<group>"; };
		C87065952AA5FA0F0052E3A4 /* DesignableButton.swift */ = {isa = PBXFileReference; fileEncoding = 4; lastKnownFileType = sourcecode.swift; path = DesignableButton.swift; sourceTree = "<group>"; };
		C87065962AA5FA0F0052E3A4 /* PlayPauseButton.swift */ = {isa = PBXFileReference; fileEncoding = 4; lastKnownFileType = sourcecode.swift; path = PlayPauseButton.swift; sourceTree = "<group>"; };
		C87065972AA5FA0F0052E3A4 /* DesignableTextView.swift */ = {isa = PBXFileReference; fileEncoding = 4; lastKnownFileType = sourcecode.swift; path = DesignableTextView.swift; sourceTree = "<group>"; };
		C870659F2AA5FC270052E3A4 /* PreviousStreamCollectionViewCell.swift */ = {isa = PBXFileReference; fileEncoding = 4; lastKnownFileType = sourcecode.swift; path = PreviousStreamCollectionViewCell.swift; sourceTree = "<group>"; };
		C87065A02AA5FC270052E3A4 /* CommentCell.swift */ = {isa = PBXFileReference; fileEncoding = 4; lastKnownFileType = sourcecode.swift; path = CommentCell.swift; sourceTree = "<group>"; };
		C87065A12AA5FC270052E3A4 /* AttachProductTableViewCell.swift */ = {isa = PBXFileReference; fileEncoding = 4; lastKnownFileType = sourcecode.swift; path = AttachProductTableViewCell.swift; sourceTree = "<group>"; };
		C87065A22AA5FC270052E3A4 /* LiveStreamCollectionViewCell.swift */ = {isa = PBXFileReference; fileEncoding = 4; lastKnownFileType = sourcecode.swift; path = LiveStreamCollectionViewCell.swift; sourceTree = "<group>"; };
		C87065A72AA5FCBB0052E3A4 /* Utils.swift */ = {isa = PBXFileReference; fileEncoding = 4; lastKnownFileType = sourcecode.swift; path = Utils.swift; sourceTree = "<group>"; };
		C87065A92AA5FD2A0052E3A4 /* MIBadgeButton.swift */ = {isa = PBXFileReference; fileEncoding = 4; lastKnownFileType = sourcecode.swift; path = MIBadgeButton.swift; sourceTree = "<group>"; };
		C8C098962AA75D8700D43217 /* Comment.swift */ = {isa = PBXFileReference; fileEncoding = 4; lastKnownFileType = sourcecode.swift; path = Comment.swift; sourceTree = "<group>"; };
		C8C098982AA75FC700D43217 /* StreamProduct.swift */ = {isa = PBXFileReference; fileEncoding = 4; lastKnownFileType = sourcecode.swift; path = StreamProduct.swift; sourceTree = "<group>"; };
		C8C098992AA75FC700D43217 /* LiveStreams.swift */ = {isa = PBXFileReference; fileEncoding = 4; lastKnownFileType = sourcecode.swift; path = LiveStreams.swift; sourceTree = "<group>"; };
		C8CA9E542AA881BE00D77B92 /* Products.swift */ = {isa = PBXFileReference; fileEncoding = 4; lastKnownFileType = sourcecode.swift; path = Products.swift; sourceTree = "<group>"; };
		C8CA9E572AA882A600D77B92 /* UIView.swift */ = {isa = PBXFileReference; fileEncoding = 4; lastKnownFileType = sourcecode.swift; path = UIView.swift; sourceTree = "<group>"; };
		C8CA9E582AA882A600D77B92 /* UIColor.swift */ = {isa = PBXFileReference; fileEncoding = 4; lastKnownFileType = sourcecode.swift; path = UIColor.swift; sourceTree = "<group>"; };
		C8CA9E592AA882A600D77B92 /* UITableView.swift */ = {isa = PBXFileReference; fileEncoding = 4; lastKnownFileType = sourcecode.swift; path = UITableView.swift; sourceTree = "<group>"; };
		C8CA9E5A2AA882A600D77B92 /* UIDevice.swift */ = {isa = PBXFileReference; fileEncoding = 4; lastKnownFileType = sourcecode.swift; path = UIDevice.swift; sourceTree = "<group>"; };
		C8CA9E5B2AA882A600D77B92 /* UILabel.swift */ = {isa = PBXFileReference; fileEncoding = 4; lastKnownFileType = sourcecode.swift; path = UILabel.swift; sourceTree = "<group>"; };
		C8CA9E5C2AA882A600D77B92 /* UIApplication.swift */ = {isa = PBXFileReference; fileEncoding = 4; lastKnownFileType = sourcecode.swift; path = UIApplication.swift; sourceTree = "<group>"; };
		C8CA9E5D2AA882A600D77B92 /* StringFile.swift */ = {isa = PBXFileReference; fileEncoding = 4; lastKnownFileType = sourcecode.swift; path = StringFile.swift; sourceTree = "<group>"; };
		C8CA9E652AA8836A00D77B92 /* GSConstants.swift */ = {isa = PBXFileReference; fileEncoding = 4; lastKnownFileType = sourcecode.swift; path = GSConstants.swift; sourceTree = "<group>"; };
/* End PBXFileReference section */

/* Begin PBXFrameworksBuildPhase section */
		C863431D2AA1C8DF0052E469 /* Frameworks */ = {
			isa = PBXFrameworksBuildPhase;
			buildActionMask = 2147483647;
			files = (
				A30A0E0A5213EB341F8DEADA /* Pods_GoSwirlLiveStream.framework in Frameworks */,
			);
			runOnlyForDeploymentPostprocessing = 0;
		};
/* End PBXFrameworksBuildPhase section */

/* Begin PBXGroup section */
		7F3DA1DBBDCB8DDF4311A45F /* Frameworks */ = {
			isa = PBXGroup;
			children = (
				BA30329F650F4271B6DB3606 /* Pods_GoSwirlLiveStream.framework */,
			);
			name = Frameworks;
			sourceTree = "<group>";
		};
		C807C3F72AAAE81B00412A76 /* NetworkAPI */ = {
			isa = PBXGroup;
			children = (
				C807C3F82AAAE84700412A76 /* APIService.swift */,
			);
			path = NetworkAPI;
			sourceTree = "<group>";
		};
		C80F5B752AB5D3A000907492 /* FloatingHearts */ = {
			isa = PBXGroup;
			children = (
				C80F5B762AB5D3A000907492 /* LICENSE */,
				C80F5B772AB5D3A000907492 /* FloatingHearts */,
				C80F5B7C2AB5D3A000907492 /* README.md */,
			);
			name = FloatingHearts;
			path = GoSwirlLiveStream/FloatingHearts;
			sourceTree = SOURCE_ROOT;
		};
		C80F5B772AB5D3A000907492 /* FloatingHearts */ = {
			isa = PBXGroup;
			children = (
				C80F5B782AB5D3A000907492 /* Classes */,
				C80F5B7B2AB5D3A000907492 /* Assets.xcassets */,
			);
			path = FloatingHearts;
			sourceTree = "<group>";
		};
		C80F5B782AB5D3A000907492 /* Classes */ = {
			isa = PBXGroup;
			children = (
				C80F5B792AB5D3A000907492 /* Helpers.swift */,
				C80F5B7A2AB5D3A000907492 /* HeartView.swift */,
			);
			path = Classes;
			sourceTree = "<group>";
		};
		C86343162AA1C8DF0052E469 = {
			isa = PBXGroup;
			children = (
				C86343222AA1C8DF0052E469 /* GoSwirlLiveStream */,
				C86343212AA1C8DF0052E469 /* Products */,
				FF4478C1DD6E894160CCA37D /* Pods */,
				7F3DA1DBBDCB8DDF4311A45F /* Frameworks */,
			);
			sourceTree = "<group>";
		};
		C86343212AA1C8DF0052E469 /* Products */ = {
			isa = PBXGroup;
			children = (
				C86343202AA1C8DF0052E469 /* GoSwirlLiveStream.framework */,
			);
			name = Products;
			sourceTree = "<group>";
		};
		C86343222AA1C8DF0052E469 /* GoSwirlLiveStream */ = {
			isa = PBXGroup;
			children = (
				C870657E2AA5AE7F0052E3A4 /* ViewController */,
				C87065802AA5AEB50052E3A4 /* Cells */,
				C807C3F72AAAE81B00412A76 /* NetworkAPI */,
				C8C098952AA75D6300D43217 /* Models */,
				C870657F2AA5AE9D0052E3A4 /* CustomView */,
				C87065812AA5AEBF0052E3A4 /* Tools */,
				C8CA9E562AA882A600D77B92 /* Extension */,
				C87065822AA5AF280052E3A4 /* IndicatorView */,
				C80F5B752AB5D3A000907492 /* FloatingHearts */,
				C86343232AA1C8DF0052E469 /* GoSwirlLiveStream.h */,
				C870658F2AA5E9C40052E3A4 /* SceneDelegate.swift */,
				C870657C2AA5ADCF0052E3A4 /* GoSwirlStoryboard.storyboard */,
				C87065872AA5B8500052E3A4 /* GSAssets.xcassets */,
			);
			path = GoSwirlLiveStream;
			sourceTree = "<group>";
		};
		C870657E2AA5AE7F0052E3A4 /* ViewController */ = {
			isa = PBXGroup;
			children = (
				C87065832AA5B27C0052E3A4 /* GSHomeViewController.swift */,
				C87065852AA5B8200052E3A4 /* GSRecordedViewController.swift */,
			);
			path = ViewController;
			sourceTree = "<group>";
		};
		C870657F2AA5AE9D0052E3A4 /* CustomView */ = {
			isa = PBXGroup;
			children = (
				C87065A92AA5FD2A0052E3A4 /* MIBadgeButton.swift */,
				C87065952AA5FA0F0052E3A4 /* DesignableButton.swift */,
				C87065932AA5FA0F0052E3A4 /* DesignableImageView.swift */,
				C87065922AA5FA0F0052E3A4 /* DesignableLabel.swift */,
				C87065912AA5FA0F0052E3A4 /* DesignableTextField.swift */,
				C87065972AA5FA0F0052E3A4 /* DesignableTextView.swift */,
				C87065942AA5FA0F0052E3A4 /* DesignableView.swift */,
				C87065962AA5FA0F0052E3A4 /* PlayPauseButton.swift */,
			);
			path = CustomView;
			sourceTree = "<group>";
		};
		C87065802AA5AEB50052E3A4 /* Cells */ = {
			isa = PBXGroup;
			children = (
				C87065A12AA5FC270052E3A4 /* AttachProductTableViewCell.swift */,
				C87065A02AA5FC270052E3A4 /* CommentCell.swift */,
				C87065A22AA5FC270052E3A4 /* LiveStreamCollectionViewCell.swift */,
				C870659F2AA5FC270052E3A4 /* PreviousStreamCollectionViewCell.swift */,
			);
			path = Cells;
			sourceTree = "<group>";
		};
		C87065812AA5AEBF0052E3A4 /* Tools */ = {
			isa = PBXGroup;
			children = (
				C8CA9E652AA8836A00D77B92 /* GSConstants.swift */,
				C87065A72AA5FCBB0052E3A4 /* Utils.swift */,
			);
			path = Tools;
			sourceTree = "<group>";
		};
		C87065822AA5AF280052E3A4 /* IndicatorView */ = {
			isa = PBXGroup;
			children = (
			);
			path = IndicatorView;
			sourceTree = "<group>";
		};
		C8C098952AA75D6300D43217 /* Models */ = {
			isa = PBXGroup;
			children = (
				C8CA9E542AA881BE00D77B92 /* Products.swift */,
				C8C098992AA75FC700D43217 /* LiveStreams.swift */,
				C8C098982AA75FC700D43217 /* StreamProduct.swift */,
				C8C098962AA75D8700D43217 /* Comment.swift */,
			);
			path = Models;
			sourceTree = "<group>";
		};
		C8CA9E562AA882A600D77B92 /* Extension */ = {
			isa = PBXGroup;
			children = (
				C8CA9E572AA882A600D77B92 /* UIView.swift */,
				C8CA9E582AA882A600D77B92 /* UIColor.swift */,
				C8CA9E592AA882A600D77B92 /* UITableView.swift */,
				C8CA9E5A2AA882A600D77B92 /* UIDevice.swift */,
				C8CA9E5B2AA882A600D77B92 /* UILabel.swift */,
				C8CA9E5C2AA882A600D77B92 /* UIApplication.swift */,
				C8CA9E5D2AA882A600D77B92 /* StringFile.swift */,
			);
			path = Extension;
			sourceTree = "<group>";
		};
		FF4478C1DD6E894160CCA37D /* Pods */ = {
			isa = PBXGroup;
			children = (
				677159B932E00B2BB636A47C /* Pods-GoSwirlLiveStream.debug.xcconfig */,
				0A68342493CDE40E4F0D9D7A /* Pods-GoSwirlLiveStream.release.xcconfig */,
			);
			path = Pods;
			sourceTree = "<group>";
		};
/* End PBXGroup section */

/* Begin PBXHeadersBuildPhase section */
		C863431B2AA1C8DF0052E469 /* Headers */ = {
			isa = PBXHeadersBuildPhase;
			buildActionMask = 2147483647;
			files = (
				C86343242AA1C8DF0052E469 /* GoSwirlLiveStream.h in Headers */,
			);
			runOnlyForDeploymentPostprocessing = 0;
		};
/* End PBXHeadersBuildPhase section */

/* Begin PBXNativeTarget section */
		C863431F2AA1C8DF0052E469 /* GoSwirlLiveStream */ = {
			isa = PBXNativeTarget;
			buildConfigurationList = C86343272AA1C8DF0052E469 /* Build configuration list for PBXNativeTarget "GoSwirlLiveStream" */;
			buildPhases = (
				8825928BD3B8B2BF080CCEF4 /* [CP] Check Pods Manifest.lock */,
				C863431B2AA1C8DF0052E469 /* Headers */,
				C863431C2AA1C8DF0052E469 /* Sources */,
				C863431D2AA1C8DF0052E469 /* Frameworks */,
				C863431E2AA1C8DF0052E469 /* Resources */,
			);
			buildRules = (
			);
			dependencies = (
			);
			name = GoSwirlLiveStream;
			productName = GoSwirlLiveStream;
			productReference = C86343202AA1C8DF0052E469 /* GoSwirlLiveStream.framework */;
			productType = "com.apple.product-type.framework";
		};
/* End PBXNativeTarget section */

/* Begin PBXProject section */
		C86343172AA1C8DF0052E469 /* Project object */ = {
			isa = PBXProject;
			attributes = {
				BuildIndependentTargetsInParallel = 1;
				LastUpgradeCheck = 1430;
				TargetAttributes = {
					C863431F2AA1C8DF0052E469 = {
						CreatedOnToolsVersion = 14.3.1;
						LastSwiftMigration = 1430;
					};
				};
			};
			buildConfigurationList = C863431A2AA1C8DF0052E469 /* Build configuration list for PBXProject "GoSwirlLiveStream" */;
			compatibilityVersion = "Xcode 14.0";
			developmentRegion = en;
			hasScannedForEncodings = 0;
			knownRegions = (
				en,
				Base,
			);
			mainGroup = C86343162AA1C8DF0052E469;
			productRefGroup = C86343212AA1C8DF0052E469 /* Products */;
			projectDirPath = "";
			projectRoot = "";
			targets = (
				C863431F2AA1C8DF0052E469 /* GoSwirlLiveStream */,
			);
		};
/* End PBXProject section */

/* Begin PBXResourcesBuildPhase section */
		C863431E2AA1C8DF0052E469 /* Resources */ = {
			isa = PBXResourcesBuildPhase;
			buildActionMask = 2147483647;
			files = (
				C80F5B7D2AB5D3A000907492 /* LICENSE in Resources */,
				C87065882AA5B8500052E3A4 /* GSAssets.xcassets in Resources */,
				C80F5B812AB5D3A000907492 /* README.md in Resources */,
				C80F5B802AB5D3A000907492 /* Assets.xcassets in Resources */,
				C870657D2AA5ADCF0052E3A4 /* GoSwirlStoryboard.storyboard in Resources */,
			);
			runOnlyForDeploymentPostprocessing = 0;
		};
/* End PBXResourcesBuildPhase section */

/* Begin PBXShellScriptBuildPhase section */
		8825928BD3B8B2BF080CCEF4 /* [CP] Check Pods Manifest.lock */ = {
			isa = PBXShellScriptBuildPhase;
			buildActionMask = 2147483647;
			files = (
			);
			inputFileListPaths = (
			);
			inputPaths = (
				"${PODS_PODFILE_DIR_PATH}/Podfile.lock",
				"${PODS_ROOT}/Manifest.lock",
			);
			name = "[CP] Check Pods Manifest.lock";
			outputFileListPaths = (
			);
			outputPaths = (
				"$(DERIVED_FILE_DIR)/Pods-GoSwirlLiveStream-checkManifestLockResult.txt",
			);
			runOnlyForDeploymentPostprocessing = 0;
			shellPath = /bin/sh;
			shellScript = "diff \"${PODS_PODFILE_DIR_PATH}/Podfile.lock\" \"${PODS_ROOT}/Manifest.lock\" > /dev/null\nif [ $? != 0 ] ; then\n    # print error to STDERR\n    echo \"error: The sandbox is not in sync with the Podfile.lock. Run 'pod install' or update your CocoaPods installation.\" >&2\n    exit 1\nfi\n# This output is used by Xcode 'outputs' to avoid re-running this script phase.\necho \"SUCCESS\" > \"${SCRIPT_OUTPUT_FILE_0}\"\n";
			showEnvVarsInLog = 0;
		};
/* End PBXShellScriptBuildPhase section */

/* Begin PBXSourcesBuildPhase section */
		C863431C2AA1C8DF0052E469 /* Sources */ = {
			isa = PBXSourcesBuildPhase;
			buildActionMask = 2147483647;
			files = (
				C8CA9E632AA882A600D77B92 /* UIApplication.swift in Sources */,
				C87065A62AA5FC270052E3A4 /* LiveStreamCollectionViewCell.swift in Sources */,
				C807C3F92AAAE84700412A76 /* APIService.swift in Sources */,
				C87065992AA5FA0F0052E3A4 /* DesignableLabel.swift in Sources */,
				C87065A32AA5FC270052E3A4 /* PreviousStreamCollectionViewCell.swift in Sources */,
				C87065AA2AA5FD2A0052E3A4 /* MIBadgeButton.swift in Sources */,
				C87065A52AA5FC270052E3A4 /* AttachProductTableViewCell.swift in Sources */,
				C8CA9E622AA882A600D77B92 /* UILabel.swift in Sources */,
				C8C0989A2AA75FC700D43217 /* StreamProduct.swift in Sources */,
				C8C098972AA75D8700D43217 /* Comment.swift in Sources */,
				C8CA9E612AA882A600D77B92 /* UIDevice.swift in Sources */,
				C8CA9E5F2AA882A600D77B92 /* UIColor.swift in Sources */,
				C8CA9E662AA8836A00D77B92 /* GSConstants.swift in Sources */,
				C80F5B7E2AB5D3A000907492 /* Helpers.swift in Sources */,
				C87065862AA5B8200052E3A4 /* GSRecordedViewController.swift in Sources */,
				C87065A82AA5FCBB0052E3A4 /* Utils.swift in Sources */,
				C87065842AA5B27C0052E3A4 /* GSHomeViewController.swift in Sources */,
				C8CA9E5E2AA882A600D77B92 /* UIView.swift in Sources */,
				C80F5B7F2AB5D3A000907492 /* HeartView.swift in Sources */,
				C8C0989B2AA75FC700D43217 /* LiveStreams.swift in Sources */,
				C870659C2AA5FA0F0052E3A4 /* DesignableButton.swift in Sources */,
				C870659D2AA5FA0F0052E3A4 /* PlayPauseButton.swift in Sources */,
				C87065902AA5E9C40052E3A4 /* SceneDelegate.swift in Sources */,
				C870659B2AA5FA0F0052E3A4 /* DesignableView.swift in Sources */,
				C870659E2AA5FA0F0052E3A4 /* DesignableTextView.swift in Sources */,
				C8CA9E602AA882A600D77B92 /* UITableView.swift in Sources */,
				C870659A2AA5FA0F0052E3A4 /* DesignableImageView.swift in Sources */,
				C8CA9E642AA882A600D77B92 /* StringFile.swift in Sources */,
				C8CA9E552AA881BE00D77B92 /* Products.swift in Sources */,
				C87065982AA5FA0F0052E3A4 /* DesignableTextField.swift in Sources */,
				C87065A42AA5FC270052E3A4 /* CommentCell.swift in Sources */,
			);
			runOnlyForDeploymentPostprocessing = 0;
		};
/* End PBXSourcesBuildPhase section */

/* Begin XCBuildConfiguration section */
		C86343252AA1C8DF0052E469 /* Debug */ = {
			isa = XCBuildConfiguration;
			buildSettings = {
				ALWAYS_SEARCH_USER_PATHS = NO;
				CLANG_ANALYZER_NONNULL = YES;
				CLANG_ANALYZER_NUMBER_OBJECT_CONVERSION = YES_AGGRESSIVE;
				CLANG_CXX_LANGUAGE_STANDARD = "gnu++20";
				CLANG_ENABLE_MODULES = YES;
				CLANG_ENABLE_OBJC_ARC = YES;
				CLANG_ENABLE_OBJC_WEAK = YES;
				CLANG_WARN_BLOCK_CAPTURE_AUTORELEASING = YES;
				CLANG_WARN_BOOL_CONVERSION = YES;
				CLANG_WARN_COMMA = YES;
				CLANG_WARN_CONSTANT_CONVERSION = YES;
				CLANG_WARN_DEPRECATED_OBJC_IMPLEMENTATIONS = YES;
				CLANG_WARN_DIRECT_OBJC_ISA_USAGE = YES_ERROR;
				CLANG_WARN_DOCUMENTATION_COMMENTS = YES;
				CLANG_WARN_EMPTY_BODY = YES;
				CLANG_WARN_ENUM_CONVERSION = YES;
				CLANG_WARN_INFINITE_RECURSION = YES;
				CLANG_WARN_INT_CONVERSION = YES;
				CLANG_WARN_NON_LITERAL_NULL_CONVERSION = YES;
				CLANG_WARN_OBJC_IMPLICIT_RETAIN_SELF = YES;
				CLANG_WARN_OBJC_LITERAL_CONVERSION = YES;
				CLANG_WARN_OBJC_ROOT_CLASS = YES_ERROR;
				CLANG_WARN_QUOTED_INCLUDE_IN_FRAMEWORK_HEADER = YES;
				CLANG_WARN_RANGE_LOOP_ANALYSIS = YES;
				CLANG_WARN_STRICT_PROTOTYPES = YES;
				CLANG_WARN_SUSPICIOUS_MOVE = YES;
				CLANG_WARN_UNGUARDED_AVAILABILITY = YES_AGGRESSIVE;
				CLANG_WARN_UNREACHABLE_CODE = YES;
				CLANG_WARN__DUPLICATE_METHOD_MATCH = YES;
				COPY_PHASE_STRIP = NO;
				CURRENT_PROJECT_VERSION = 1;
				DEBUG_INFORMATION_FORMAT = dwarf;
				ENABLE_STRICT_OBJC_MSGSEND = YES;
				ENABLE_TESTABILITY = YES;
				GCC_C_LANGUAGE_STANDARD = gnu11;
				GCC_DYNAMIC_NO_PIC = NO;
				GCC_NO_COMMON_BLOCKS = YES;
				GCC_OPTIMIZATION_LEVEL = 0;
				GCC_PREPROCESSOR_DEFINITIONS = (
					"DEBUG=1",
					"$(inherited)",
				);
				GCC_WARN_64_TO_32_BIT_CONVERSION = YES;
				GCC_WARN_ABOUT_RETURN_TYPE = YES_ERROR;
				GCC_WARN_UNDECLARED_SELECTOR = YES;
				GCC_WARN_UNINITIALIZED_AUTOS = YES_AGGRESSIVE;
				GCC_WARN_UNUSED_FUNCTION = YES;
				GCC_WARN_UNUSED_VARIABLE = YES;
				IPHONEOS_DEPLOYMENT_TARGET = 16.4;
				MTL_ENABLE_DEBUG_INFO = INCLUDE_SOURCE;
				MTL_FAST_MATH = YES;
				ONLY_ACTIVE_ARCH = YES;
				SDKROOT = iphoneos;
				SWIFT_ACTIVE_COMPILATION_CONDITIONS = DEBUG;
				SWIFT_OPTIMIZATION_LEVEL = "-Onone";
				VERSIONING_SYSTEM = "apple-generic";
				VERSION_INFO_PREFIX = "";
			};
			name = Debug;
		};
		C86343262AA1C8DF0052E469 /* Release */ = {
			isa = XCBuildConfiguration;
			buildSettings = {
				ALWAYS_SEARCH_USER_PATHS = NO;
				CLANG_ANALYZER_NONNULL = YES;
				CLANG_ANALYZER_NUMBER_OBJECT_CONVERSION = YES_AGGRESSIVE;
				CLANG_CXX_LANGUAGE_STANDARD = "gnu++20";
				CLANG_ENABLE_MODULES = YES;
				CLANG_ENABLE_OBJC_ARC = YES;
				CLANG_ENABLE_OBJC_WEAK = YES;
				CLANG_WARN_BLOCK_CAPTURE_AUTORELEASING = YES;
				CLANG_WARN_BOOL_CONVERSION = YES;
				CLANG_WARN_COMMA = YES;
				CLANG_WARN_CONSTANT_CONVERSION = YES;
				CLANG_WARN_DEPRECATED_OBJC_IMPLEMENTATIONS = YES;
				CLANG_WARN_DIRECT_OBJC_ISA_USAGE = YES_ERROR;
				CLANG_WARN_DOCUMENTATION_COMMENTS = YES;
				CLANG_WARN_EMPTY_BODY = YES;
				CLANG_WARN_ENUM_CONVERSION = YES;
				CLANG_WARN_INFINITE_RECURSION = YES;
				CLANG_WARN_INT_CONVERSION = YES;
				CLANG_WARN_NON_LITERAL_NULL_CONVERSION = YES;
				CLANG_WARN_OBJC_IMPLICIT_RETAIN_SELF = YES;
				CLANG_WARN_OBJC_LITERAL_CONVERSION = YES;
				CLANG_WARN_OBJC_ROOT_CLASS = YES_ERROR;
				CLANG_WARN_QUOTED_INCLUDE_IN_FRAMEWORK_HEADER = YES;
				CLANG_WARN_RANGE_LOOP_ANALYSIS = YES;
				CLANG_WARN_STRICT_PROTOTYPES = YES;
				CLANG_WARN_SUSPICIOUS_MOVE = YES;
				CLANG_WARN_UNGUARDED_AVAILABILITY = YES_AGGRESSIVE;
				CLANG_WARN_UNREACHABLE_CODE = YES;
				CLANG_WARN__DUPLICATE_METHOD_MATCH = YES;
				COPY_PHASE_STRIP = NO;
				CURRENT_PROJECT_VERSION = 1;
				DEBUG_INFORMATION_FORMAT = "dwarf-with-dsym";
				ENABLE_NS_ASSERTIONS = NO;
				ENABLE_STRICT_OBJC_MSGSEND = YES;
				GCC_C_LANGUAGE_STANDARD = gnu11;
				GCC_NO_COMMON_BLOCKS = YES;
				GCC_WARN_64_TO_32_BIT_CONVERSION = YES;
				GCC_WARN_ABOUT_RETURN_TYPE = YES_ERROR;
				GCC_WARN_UNDECLARED_SELECTOR = YES;
				GCC_WARN_UNINITIALIZED_AUTOS = YES_AGGRESSIVE;
				GCC_WARN_UNUSED_FUNCTION = YES;
				GCC_WARN_UNUSED_VARIABLE = YES;
				IPHONEOS_DEPLOYMENT_TARGET = 16.4;
				MTL_ENABLE_DEBUG_INFO = NO;
				MTL_FAST_MATH = YES;
				SDKROOT = iphoneos;
				SWIFT_COMPILATION_MODE = wholemodule;
				SWIFT_OPTIMIZATION_LEVEL = "-O";
				VALIDATE_PRODUCT = YES;
				VERSIONING_SYSTEM = "apple-generic";
				VERSION_INFO_PREFIX = "";
			};
			name = Release;
		};
		C86343282AA1C8DF0052E469 /* Debug */ = {
			isa = XCBuildConfiguration;
			baseConfigurationReference = 677159B932E00B2BB636A47C /* Pods-GoSwirlLiveStream.debug.xcconfig */;
			buildSettings = {
				BUILD_LIBRARY_FOR_DISTRIBUTION = YES;
				CLANG_ENABLE_MODULES = YES;
				CODE_SIGN_STYLE = Automatic;
				CURRENT_PROJECT_VERSION = 1;
				DEFINES_MODULE = YES;
				DEVELOPMENT_TEAM = H884VX4BL3;
				DYLIB_COMPATIBILITY_VERSION = 1;
				DYLIB_CURRENT_VERSION = 1;
				DYLIB_INSTALL_NAME_BASE = "@rpath";
				ENABLE_MODULE_VERIFIER = YES;
				GENERATE_INFOPLIST_FILE = YES;
				INFOPLIST_KEY_NSHumanReadableCopyright = "";
				INSTALL_PATH = "$(LOCAL_LIBRARY_DIR)/Frameworks";
				IPHONEOS_DEPLOYMENT_TARGET = 12.0;
				LD_RUNPATH_SEARCH_PATHS = (
					"$(inherited)",
					"@executable_path/Frameworks",
					"@loader_path/Frameworks",
				);
				MARKETING_VERSION = 1.0;
				MODULE_VERIFIER_SUPPORTED_LANGUAGES = "objective-c objective-c++";
				MODULE_VERIFIER_SUPPORTED_LANGUAGE_STANDARDS = "gnu11 gnu++20";
				ONLY_ACTIVE_ARCH = YES;
				PRODUCT_BUNDLE_IDENTIFIER = com.Swirl.GoSwirlLiveStream;
				PRODUCT_NAME = "$(TARGET_NAME:c99extidentifier)";
				SKIP_INSTALL = YES;
				SWIFT_EMIT_LOC_STRINGS = YES;
				SWIFT_OPTIMIZATION_LEVEL = "-Onone";
				SWIFT_VERSION = 5.0;
				TARGETED_DEVICE_FAMILY = "1,2";
			};
			name = Debug;
		};
		C86343292AA1C8DF0052E469 /* Release */ = {
			isa = XCBuildConfiguration;
			baseConfigurationReference = 0A68342493CDE40E4F0D9D7A /* Pods-GoSwirlLiveStream.release.xcconfig */;
			buildSettings = {
				BUILD_LIBRARY_FOR_DISTRIBUTION = YES;
				CLANG_ENABLE_MODULES = YES;
				CODE_SIGN_STYLE = Automatic;
				CURRENT_PROJECT_VERSION = 1;
				DEFINES_MODULE = YES;
				DEVELOPMENT_TEAM = H884VX4BL3;
				DYLIB_COMPATIBILITY_VERSION = 1;
				DYLIB_CURRENT_VERSION = 1;
				DYLIB_INSTALL_NAME_BASE = "@rpath";
				ENABLE_MODULE_VERIFIER = YES;
				GENERATE_INFOPLIST_FILE = YES;
				INFOPLIST_KEY_NSHumanReadableCopyright = "";
				INSTALL_PATH = "$(LOCAL_LIBRARY_DIR)/Frameworks";
				IPHONEOS_DEPLOYMENT_TARGET = 12.0;
				LD_RUNPATH_SEARCH_PATHS = (
					"$(inherited)",
					"@executable_path/Frameworks",
					"@loader_path/Frameworks",
				);
				MARKETING_VERSION = 1.0;
				MODULE_VERIFIER_SUPPORTED_LANGUAGES = "objective-c objective-c++";
				MODULE_VERIFIER_SUPPORTED_LANGUAGE_STANDARDS = "gnu11 gnu++20";
				ONLY_ACTIVE_ARCH = YES;
				PRODUCT_BUNDLE_IDENTIFIER = com.Swirl.GoSwirlLiveStream;
				PRODUCT_NAME = "$(TARGET_NAME:c99extidentifier)";
				SKIP_INSTALL = YES;
				SWIFT_EMIT_LOC_STRINGS = YES;
				SWIFT_VERSION = 5.0;
				TARGETED_DEVICE_FAMILY = "1,2";
			};
			name = Release;
		};
/* End XCBuildConfiguration section */

/* Begin XCConfigurationList section */
		C863431A2AA1C8DF0052E469 /* Build configuration list for PBXProject "GoSwirlLiveStream" */ = {
			isa = XCConfigurationList;
			buildConfigurations = (
				C86343252AA1C8DF0052E469 /* Debug */,
				C86343262AA1C8DF0052E469 /* Release */,
			);
			defaultConfigurationIsVisible = 0;
			defaultConfigurationName = Release;
		};
		C86343272AA1C8DF0052E469 /* Build configuration list for PBXNativeTarget "GoSwirlLiveStream" */ = {
			isa = XCConfigurationList;
			buildConfigurations = (
				C86343282AA1C8DF0052E469 /* Debug */,
				C86343292AA1C8DF0052E469 /* Release */,
			);
			defaultConfigurationIsVisible = 0;
			defaultConfigurationName = Release;
		};
/* End XCConfigurationList section */
	};
	rootObject = C86343172AA1C8DF0052E469 /* Project object */;
}
